
Microsoft Visual Studio Solution File, Format Version 12.00
Project("{FAE04EC0-301F-11D3-BF4B-00C04F79EFBC}") = "EventLibrary", "EventLibrary\EventLibrary.csproj", "{3614D5AF-9B03-4256-9F3B-885C4598E2BE}"
EndProject
Project("{FAE04EC0-301F-11D3-BF4B-00C04F79EFBC}") = "App", "App\App.csproj", "{93ADFF1C-7A5D-42A4-89E4-4468561BF3CB}"
EndProject
Global
	GlobalSection(SolutionConfigurationPlatforms) = preSolution
		Debug|Any CPU = Debug|Any CPU
		Release|Any CPU = Release|Any CPU
	EndGlobalSection
	GlobalSection(ProjectConfigurationPlatforms) = postSolution
		{3614D5AF-9B03-4256-9F3B-885C4598E2BE}.Debug|Any CPU.ActiveCfg = Debug|Any CPU
		{3614D5AF-9B03-4256-9F3B-885C4598E2BE}.Debug|Any CPU.Build.0 = Debug|Any CPU
		{3614D5AF-9B03-4256-9F3B-885C4598E2BE}.Release|Any CPU.ActiveCfg = Release|Any CPU
		{3614D5AF-9B03-4256-9F3B-885C4598E2BE}.Release|Any CPU.Build.0 = Release|Any CPU
		{93ADFF1C-7A5D-42A4-89E4-4468561BF3CB}.Debug|Any CPU.ActiveCfg = Debug|Any CPU
		{93ADFF1C-7A5D-42A4-89E4-4468561BF3CB}.Debug|Any CPU.Build.0 = Debug|Any CPU
		{93ADFF1C-7A5D-42A4-89E4-4468561BF3CB}.Release|Any CPU.ActiveCfg = Release|Any CPU
		{93ADFF1C-7A5D-42A4-89E4-4468561BF3CB}.Release|Any CPU.Build.0 = Release|Any CPU
	EndGlobalSection
EndGlobal
